{
  "version": 4,
  "terraform_version": "1.12.2",
  "serial": 29,
  "lineage": "af21ceac-cbbb-e5e0-89c8-5f950502d0c7",
  "outputs": {
    "vm_id": {
      "value": "/subscriptions/fd521475-76a6-479b-8f2e-73fe1b53d026/resourceGroups/rg-secure-foundation/providers/Microsoft.Compute/virtualMachines/vm-secure-foundation-01",
      "type": "string"
    },
    "vm_private_ip": {
      "value": "10.10.2.4",
      "type": "string"
    }
  },
  "resources": [
    {
      "mode": "managed",
      "type": "azurerm_bastion_host",
      "name": "bastion",
      "provider": "provider[\"registry.terraform.io/hashicorp/azurerm\"]",
      "instances": [
        {
          "schema_version": 0,
          "attributes": {
            "copy_paste_enabled": true,
            "dns_name": "bst-0725fb50-d14b-4ab9-940e-0abfc731c684.bastion.azure.com",
            "file_copy_enabled": false,
            "id": "/subscriptions/fd521475-76a6-479b-8f2e-73fe1b53d026/resourceGroups/rg-secure-foundation/providers/Microsoft.Network/bastionHosts/bas-secure-foundation",
            "ip_configuration": [
              {
                "name": "bastion-ipconfig",
                "public_ip_address_id": "/subscriptions/fd521475-76a6-479b-8f2e-73fe1b53d026/resourceGroups/rg-secure-foundation/providers/Microsoft.Network/publicIPAddresses/pip-bastion",
                "subnet_id": "/subscriptions/fd521475-76a6-479b-8f2e-73fe1b53d026/resourceGroups/rg-secure-foundation/providers/Microsoft.Network/virtualNetworks/vnet-secure-foundation/subnets/AzureBastionSubnet"
              }
            ],
            "ip_connect_enabled": false,
            "kerberos_enabled": false,
            "location": "centralus",
            "name": "bas-secure-foundation",
            "resource_group_name": "rg-secure-foundation",
            "scale_units": 2,
            "shareable_link_enabled": false,
            "sku": "Basic",
            "tags": {},
            "timeouts": null,
            "tunneling_enabled": false,
            "virtual_network_id": ""
          },
          "sensitive_attributes": [],
          "identity_schema_version": 0,
          "private": "eyJlMmJmYjczMC1lY2FhLTExZTYtOGY4OC0zNDM2M2JjN2M0YzAiOnsiY3JlYXRlIjoxODAwMDAwMDAwMDAwLCJkZWxldGUiOjE4MDAwMDAwMDAwMDAsInJlYWQiOjMwMDAwMDAwMDAwMCwidXBkYXRlIjoxODAwMDAwMDAwMDAwfX0=",
          "dependencies": [
            "azurerm_public_ip.bastion_pip",
            "azurerm_resource_group.rg",
            "azurerm_subnet.bastion",
            "azurerm_virtual_network.vnet"
          ]
        }
      ]
    },
    {
      "mode": "managed",
      "type": "azurerm_linux_virtual_machine",
      "name": "vm",
      "provider": "provider[\"registry.terraform.io/hashicorp/azurerm\"]",
      "instances": [
        {
          "schema_version": 0,
          "attributes": {
            "additional_capabilities": [],
            "admin_password": null,
            "admin_ssh_key": [
              {
                "public_key": "ssh-rsa AAAAB3NzaC1yc2EAAAADAQABAAACAQC1fwvJaY9aB9XkC55TWAb/Xa7U+rcIO7ST9HCBFctOKC4A8Xg5qOaoi9p9x4Sw6fdxp3416oNfSzWVTnLAZxoUyNS+KvtG1HNSyySh94jgWgvkTjX8QD5J6Xzvstk1d6gD1NzoMFKXqBfCQkMcitNCkEFiBr+kYOlSanNq3rjs505nPQaY+4K0ccD6sKYLBc62cS49+uvbXV3El8TUKas9BZOU7swReJCkLp/qj0m35JRa1FVZZ70QbP33jHvOT3TL7i1stwQvrRVphoFqvpy2tYVVNKvqliB69Zx7pgw/zh+UDPrGdCH95Dye+pShsvABbVUOUDYFNeo41XQ4Wl2x0twKODnlz6dVNingLbp+l3/N9owYf8CcpfBkfQ1+i8NDcoM/0Clge0z7NrBzbRtOwMxsbj0JKT1wmHBZIk1nku3EElYzvjLNTxbUj748PZpM+1C3xn4I0bHVghVtjYa5PJoKfY40nTIiVrJL59HxVoLB+hK1HzTH6Dh7ZQTiaUEbuO0nKdEa6zbNxuVIbhFxU8ONLFE5MQcIiKi+0zzeqrhctUyudmiusR0xwFMT3IOqe86BuMs4ZI1w2aDp6PXZh7iLiu2Ki3uXguaMRIjEvEYwHjRsQ4xtSaBaTpltExCPcFeSWMLb3Sp8/eFnsYDZGUAPsg9HL+RpqPZmIJfAeQ== tf-azure-baseline\n",
                "username": "azureuser"
              }
            ],
            "admin_username": "azureuser",
            "allow_extension_operations": true,
            "availability_set_id": "",
            "boot_diagnostics": [],
            "bypass_platform_safety_checks_on_user_schedule_enabled": false,
            "capacity_reservation_group_id": "",
            "computer_name": "vm-secure-foundation-01",
            "custom_data": null,
            "dedicated_host_group_id": "",
            "dedicated_host_id": "",
            "disable_password_authentication": true,
            "disk_controller_type": "",
            "edge_zone": "",
            "encryption_at_host_enabled": false,
            "eviction_policy": "",
            "extensions_time_budget": "PT1H30M",
            "gallery_application": [],
            "id": "/subscriptions/fd521475-76a6-479b-8f2e-73fe1b53d026/resourceGroups/rg-secure-foundation/providers/Microsoft.Compute/virtualMachines/vm-secure-foundation-01",
            "identity": [],
            "license_type": "",
            "location": "centralus",
            "max_bid_price": -1,
            "name": "vm-secure-foundation-01",
            "network_interface_ids": [
              "/subscriptions/fd521475-76a6-479b-8f2e-73fe1b53d026/resourceGroups/rg-secure-foundation/providers/Microsoft.Network/networkInterfaces/vm-secure-foundation-01-nic"
            ],
            "os_disk": [
              {
                "caching": "ReadWrite",
                "diff_disk_settings": [],
                "disk_encryption_set_id": "",
                "disk_size_gb": 30,
                "name": "vm-secure-foundation-01_OsDisk_1_0b472b3593ee48ebb64255690c702fd7",
                "secure_vm_disk_encryption_set_id": "",
                "security_encryption_type": "",
                "storage_account_type": "Standard_LRS",
                "write_accelerator_enabled": false
              }
            ],
            "os_image_notification": [],
            "patch_assessment_mode": "ImageDefault",
            "patch_mode": "ImageDefault",
            "plan": [],
            "platform_fault_domain": -1,
            "priority": "Regular",
            "private_ip_address": "10.10.2.4",
            "private_ip_addresses": [
              "10.10.2.4"
            ],
            "provision_vm_agent": true,
            "proximity_placement_group_id": "",
            "public_ip_address": "",
            "public_ip_addresses": [],
            "reboot_setting": "",
            "resource_group_name": "rg-secure-foundation",
            "secret": [],
            "secure_boot_enabled": false,
            "size": "Standard_D2s_v4",
            "source_image_id": "",
            "source_image_reference": [
              {
                "offer": "0001-com-ubuntu-server-jammy",
                "publisher": "Canonical",
                "sku": "22_04-lts",
                "version": "latest"
              }
            ],
            "tags": {},
            "termination_notification": [],
            "timeouts": null,
            "user_data": "",
            "virtual_machine_id": "44db8429-a25a-4e3d-9dc3-bf58a6967e32",
            "virtual_machine_scale_set_id": "",
            "vm_agent_platform_updates_enabled": false,
            "vtpm_enabled": false,
            "zone": ""
          },
          "sensitive_attributes": [
            [
              {
                "type": "get_attr",
                "value": "admin_password"
              }
            ],
            [
              {
                "type": "get_attr",
                "value": "custom_data"
              }
            ]
          ],
          "identity_schema_version": 0,
          "private": "eyJlMmJmYjczMC1lY2FhLTExZTYtOGY4OC0zNDM2M2JjN2M0YzAiOnsiY3JlYXRlIjoyNzAwMDAwMDAwMDAwLCJkZWxldGUiOjI3MDAwMDAwMDAwMDAsInJlYWQiOjMwMDAwMDAwMDAwMCwidXBkYXRlIjoyNzAwMDAwMDAwMDAwfX0=",
          "dependencies": [
            "azurerm_network_interface.vm_nic",
            "azurerm_resource_group.rg",
            "azurerm_subnet.private",
            "azurerm_virtual_network.vnet"
          ]
        }
      ]
    },
    {
      "mode": "managed",
      "type": "azurerm_log_analytics_workspace",
      "name": "law",
      "provider": "provider[\"registry.terraform.io/hashicorp/azurerm\"]",
      "instances": [
        {
          "schema_version": 3,
          "attributes": {
            "allow_resource_only_permissions": true,
            "cmk_for_query_forced": false,
            "daily_quota_gb": -1,
            "data_collection_rule_id": "",
            "id": "/subscriptions/fd521475-76a6-479b-8f2e-73fe1b53d026/resourceGroups/rg-secure-foundation/providers/Microsoft.OperationalInsights/workspaces/law-secure-foundation",
            "identity": [],
            "immediate_data_purge_on_30_days_enabled": false,
            "internet_ingestion_enabled": true,
            "internet_query_enabled": true,
            "local_authentication_disabled": false,
            "location": "centralus",
            "name": "law-secure-foundation",
            "primary_shared_key": "cw+VM6gG1IGuqj9u8Yzokw4j9QdYj6Vv2UAIJdbqg6xxDedOzaYaNMzD5T2sUTfwQ6u0/6+gN9PelKiIAq0qLA==",
            "reservation_capacity_in_gb_per_day": null,
            "resource_group_name": "rg-secure-foundation",
            "retention_in_days": 30,
            "secondary_shared_key": "QJGpeM/yi4g263ZV+UlOeitQNh20W9+mDN9LWOKo30XRpl9utXjDe0H71lWwGbWBEfVSyiVmzAxCW5MMKC8+VQ==",
            "sku": "PerGB2018",
            "tags": {},
            "timeouts": null,
            "workspace_id": "44fea499-f2c2-4c89-adf1-12f328b947f0"
          },
          "sensitive_attributes": [
            [
              {
                "type": "get_attr",
                "value": "primary_shared_key"
              }
            ],
            [
              {
                "type": "get_attr",
                "value": "secondary_shared_key"
              }
            ]
          ],
          "identity_schema_version": 0,
          "private": "eyJlMmJmYjczMC1lY2FhLTExZTYtOGY4OC0zNDM2M2JjN2M0YzAiOnsiY3JlYXRlIjoxODAwMDAwMDAwMDAwLCJkZWxldGUiOjE4MDAwMDAwMDAwMDAsInJlYWQiOjMwMDAwMDAwMDAwMCwidXBkYXRlIjoxODAwMDAwMDAwMDAwfSwic2NoZW1hX3ZlcnNpb24iOiIzIn0=",
          "dependencies": [
            "azurerm_resource_group.rg"
          ]
        }
      ]
    },
    {
      "mode": "managed",
      "type": "azurerm_nat_gateway",
      "name": "nat",
      "provider": "provider[\"registry.terraform.io/hashicorp/azurerm\"]",
      "instances": [
        {
          "schema_version": 0,
          "attributes": {
            "id": "/subscriptions/fd521475-76a6-479b-8f2e-73fe1b53d026/resourceGroups/rg-secure-foundation/providers/Microsoft.Network/natGateways/nat-secure-foundation",
            "idle_timeout_in_minutes": 4,
            "location": "centralus",
            "name": "nat-secure-foundation",
            "resource_group_name": "rg-secure-foundation",
            "resource_guid": "c0ce7c2b-5ac8-4ad2-bf7f-b87933fb50e9",
            "sku_name": "Standard",
            "tags": {},
            "timeouts": null,
            "zones": []
          },
          "sensitive_attributes": [],
          "identity_schema_version": 0,
          "private": "eyJlMmJmYjczMC1lY2FhLTExZTYtOGY4OC0zNDM2M2JjN2M0YzAiOnsiY3JlYXRlIjozNjAwMDAwMDAwMDAwLCJkZWxldGUiOjM2MDAwMDAwMDAwMDAsInJlYWQiOjMwMDAwMDAwMDAwMCwidXBkYXRlIjozNjAwMDAwMDAwMDAwfX0=",
          "dependencies": [
            "azurerm_resource_group.rg"
          ]
        }
      ]
    },
    {
      "mode": "managed",
      "type": "azurerm_nat_gateway_public_ip_association",
      "name": "nat_assoc",
      "provider": "provider[\"registry.terraform.io/hashicorp/azurerm\"]",
      "instances": [
        {
          "schema_version": 0,
          "attributes": {
            "id": "/subscriptions/fd521475-76a6-479b-8f2e-73fe1b53d026/resourceGroups/rg-secure-foundation/providers/Microsoft.Network/natGateways/nat-secure-foundation|/subscriptions/fd521475-76a6-479b-8f2e-73fe1b53d026/resourceGroups/rg-secure-foundation/providers/Microsoft.Network/publicIPAddresses/nat-gateway-pip",
            "nat_gateway_id": "/subscriptions/fd521475-76a6-479b-8f2e-73fe1b53d026/resourceGroups/rg-secure-foundation/providers/Microsoft.Network/natGateways/nat-secure-foundation",
            "public_ip_address_id": "/subscriptions/fd521475-76a6-479b-8f2e-73fe1b53d026/resourceGroups/rg-secure-foundation/providers/Microsoft.Network/publicIPAddresses/nat-gateway-pip",
            "timeouts": null
          },
          "sensitive_attributes": [],
          "identity_schema_version": 0,
          "private": "eyJlMmJmYjczMC1lY2FhLTExZTYtOGY4OC0zNDM2M2JjN2M0YzAiOnsiY3JlYXRlIjoxODAwMDAwMDAwMDAwLCJkZWxldGUiOjE4MDAwMDAwMDAwMDAsInJlYWQiOjMwMDAwMDAwMDAwMH19",
          "dependencies": [
            "azurerm_nat_gateway.nat",
            "azurerm_public_ip.nat_pip",
            "azurerm_resource_group.rg"
          ]
        }
      ]
    },
    {
      "mode": "managed",
      "type": "azurerm_network_interface",
      "name": "vm_nic",
      "provider": "provider[\"registry.terraform.io/hashicorp/azurerm\"]",
      "instances": [
        {
          "schema_version": 0,
          "attributes": {
            "accelerated_networking_enabled": false,
            "applied_dns_servers": [],
            "auxiliary_mode": "",
            "auxiliary_sku": "",
            "dns_servers": [],
            "edge_zone": "",
            "enable_accelerated_networking": false,
            "enable_ip_forwarding": false,
            "id": "/subscriptions/fd521475-76a6-479b-8f2e-73fe1b53d026/resourceGroups/rg-secure-foundation/providers/Microsoft.Network/networkInterfaces/vm-secure-foundation-01-nic",
            "internal_dns_name_label": "",
            "internal_domain_name_suffix": "snhbrx4qs5hedneiin1rlnmi1d.gx.internal.cloudapp.net",
            "ip_configuration": [
              {
                "gateway_load_balancer_frontend_ip_configuration_id": "",
                "name": "ipconfig1",
                "primary": true,
                "private_ip_address": "10.10.2.4",
                "private_ip_address_allocation": "Dynamic",
                "private_ip_address_version": "IPv4",
                "public_ip_address_id": "",
                "subnet_id": "/subscriptions/fd521475-76a6-479b-8f2e-73fe1b53d026/resourceGroups/rg-secure-foundation/providers/Microsoft.Network/virtualNetworks/vnet-secure-foundation/subnets/snet-private"
              }
            ],
            "ip_forwarding_enabled": false,
            "location": "centralus",
            "mac_address": "7C-ED-8D-09-A7-E8",
            "name": "vm-secure-foundation-01-nic",
            "private_ip_address": "10.10.2.4",
            "private_ip_addresses": [
              "10.10.2.4"
            ],
            "resource_group_name": "rg-secure-foundation",
            "tags": {},
            "timeouts": null,
            "virtual_machine_id": "/subscriptions/fd521475-76a6-479b-8f2e-73fe1b53d026/resourceGroups/rg-secure-foundation/providers/Microsoft.Compute/virtualMachines/vm-secure-foundation-01"
          },
          "sensitive_attributes": [],
          "identity_schema_version": 0,
          "private": "eyJlMmJmYjczMC1lY2FhLTExZTYtOGY4OC0zNDM2M2JjN2M0YzAiOnsiY3JlYXRlIjoxODAwMDAwMDAwMDAwLCJkZWxldGUiOjE4MDAwMDAwMDAwMDAsInJlYWQiOjMwMDAwMDAwMDAwMCwidXBkYXRlIjoxODAwMDAwMDAwMDAwfX0=",
          "dependencies": [
            "azurerm_resource_group.rg",
            "azurerm_subnet.private",
            "azurerm_virtual_network.vnet"
          ]
        }
      ]
    },
    {
      "mode": "managed",
      "type": "azurerm_network_security_group",
      "name": "private",
      "provider": "provider[\"registry.terraform.io/hashicorp/azurerm\"]",
      "instances": [
        {
          "schema_version": 0,
          "attributes": {
            "id": "/subscriptions/fd521475-76a6-479b-8f2e-73fe1b53d026/resourceGroups/rg-secure-foundation/providers/Microsoft.Network/networkSecurityGroups/nsg-private",
            "location": "centralus",
            "name": "nsg-private",
            "resource_group_name": "rg-secure-foundation",
            "security_rule": [
              {
                "access": "Deny",
                "description": "",
                "destination_address_prefix": "*",
                "destination_address_prefixes": [],
                "destination_application_security_group_ids": [],
                "destination_port_range": "*",
                "destination_port_ranges": [],
                "direction": "Inbound",
                "name": "deny-internet-inbound",
                "priority": 100,
                "protocol": "*",
                "source_address_prefix": "Internet",
                "source_address_prefixes": [],
                "source_application_security_group_ids": [],
                "source_port_range": "*",
                "source_port_ranges": []
              }
            ],
            "tags": {},
            "timeouts": null
          },
          "sensitive_attributes": [],
          "identity_schema_version": 0,
          "private": "eyJlMmJmYjczMC1lY2FhLTExZTYtOGY4OC0zNDM2M2JjN2M0YzAiOnsiY3JlYXRlIjoxODAwMDAwMDAwMDAwLCJkZWxldGUiOjE4MDAwMDAwMDAwMDAsInJlYWQiOjMwMDAwMDAwMDAwMCwidXBkYXRlIjoxODAwMDAwMDAwMDAwfX0=",
          "dependencies": [
            "azurerm_resource_group.rg"
          ]
        }
      ]
    },
    {
      "mode": "managed",
      "type": "azurerm_network_security_group",
      "name": "public",
      "provider": "provider[\"registry.terraform.io/hashicorp/azurerm\"]",
      "instances": [
        {
          "schema_version": 0,
          "attributes": {
            "id": "/subscriptions/fd521475-76a6-479b-8f2e-73fe1b53d026/resourceGroups/rg-secure-foundation/providers/Microsoft.Network/networkSecurityGroups/nsg-public",
            "location": "centralus",
            "name": "nsg-public",
            "resource_group_name": "rg-secure-foundation",
            "security_rule": [
              {
                "access": "Deny",
                "description": "",
                "destination_address_prefix": "*",
                "destination_address_prefixes": [],
                "destination_application_security_group_ids": [],
                "destination_port_range": "*",
                "destination_port_ranges": [],
                "direction": "Inbound",
                "name": "deny-internet-inbound",
                "priority": 100,
                "protocol": "*",
                "source_address_prefix": "Internet",
                "source_address_prefixes": [],
                "source_application_security_group_ids": [],
                "source_port_range": "*",
                "source_port_ranges": []
              }
            ],
            "tags": {},
            "timeouts": null
          },
          "sensitive_attributes": [],
          "identity_schema_version": 0,
          "private": "eyJlMmJmYjczMC1lY2FhLTExZTYtOGY4OC0zNDM2M2JjN2M0YzAiOnsiY3JlYXRlIjoxODAwMDAwMDAwMDAwLCJkZWxldGUiOjE4MDAwMDAwMDAwMDAsInJlYWQiOjMwMDAwMDAwMDAwMCwidXBkYXRlIjoxODAwMDAwMDAwMDAwfX0=",
          "dependencies": [
            "azurerm_resource_group.rg"
          ]
        }
      ]
    },
    {
      "mode": "managed",
      "type": "azurerm_network_security_rule",
      "name": "private_deny_internet_inbound",
      "provider": "provider[\"registry.terraform.io/hashicorp/azurerm\"]",
      "instances": [
        {
          "schema_version": 0,
          "attributes": {
            "access": "Deny",
            "description": "",
            "destination_address_prefix": "*",
            "destination_address_prefixes": [],
            "destination_application_security_group_ids": [],
            "destination_port_range": "*",
            "destination_port_ranges": [],
            "direction": "Inbound",
            "id": "/subscriptions/fd521475-76a6-479b-8f2e-73fe1b53d026/resourceGroups/rg-secure-foundation/providers/Microsoft.Network/networkSecurityGroups/nsg-private/securityRules/deny-internet-inbound",
            "name": "deny-internet-inbound",
            "network_security_group_name": "nsg-private",
            "priority": 100,
            "protocol": "*",
            "resource_group_name": "rg-secure-foundation",
            "source_address_prefix": "Internet",
            "source_address_prefixes": [],
            "source_application_security_group_ids": [],
            "source_port_range": "*",
            "source_port_ranges": [],
            "timeouts": null
          },
          "sensitive_attributes": [],
          "identity_schema_version": 0,
          "private": "eyJlMmJmYjczMC1lY2FhLTExZTYtOGY4OC0zNDM2M2JjN2M0YzAiOnsiY3JlYXRlIjoxODAwMDAwMDAwMDAwLCJkZWxldGUiOjE4MDAwMDAwMDAwMDAsInJlYWQiOjMwMDAwMDAwMDAwMCwidXBkYXRlIjoxODAwMDAwMDAwMDAwfX0=",
          "dependencies": [
            "azurerm_network_security_group.private",
            "azurerm_resource_group.rg"
          ]
        }
      ]
    },
    {
      "mode": "managed",
      "type": "azurerm_network_security_rule",
      "name": "public_deny_internet_inbound",
      "provider": "provider[\"registry.terraform.io/hashicorp/azurerm\"]",
      "instances": [
        {
          "schema_version": 0,
          "attributes": {
            "access": "Deny",
            "description": "",
            "destination_address_prefix": "*",
            "destination_address_prefixes": [],
            "destination_application_security_group_ids": [],
            "destination_port_range": "*",
            "destination_port_ranges": [],
            "direction": "Inbound",
            "id": "/subscriptions/fd521475-76a6-479b-8f2e-73fe1b53d026/resourceGroups/rg-secure-foundation/providers/Microsoft.Network/networkSecurityGroups/nsg-public/securityRules/deny-internet-inbound",
            "name": "deny-internet-inbound",
            "network_security_group_name": "nsg-public",
            "priority": 100,
            "protocol": "*",
            "resource_group_name": "rg-secure-foundation",
            "source_address_prefix": "Internet",
            "source_address_prefixes": [],
            "source_application_security_group_ids": [],
            "source_port_range": "*",
            "source_port_ranges": [],
            "timeouts": null
          },
          "sensitive_attributes": [],
          "identity_schema_version": 0,
          "private": "eyJlMmJmYjczMC1lY2FhLTExZTYtOGY4OC0zNDM2M2JjN2M0YzAiOnsiY3JlYXRlIjoxODAwMDAwMDAwMDAwLCJkZWxldGUiOjE4MDAwMDAwMDAwMDAsInJlYWQiOjMwMDAwMDAwMDAwMCwidXBkYXRlIjoxODAwMDAwMDAwMDAwfX0=",
          "dependencies": [
            "azurerm_network_security_group.public",
            "azurerm_resource_group.rg"
          ]
        }
      ]
    },
    {
      "mode": "managed",
      "type": "azurerm_public_ip",
      "name": "bastion_pip",
      "provider": "provider[\"registry.terraform.io/hashicorp/azurerm\"]",
      "instances": [
        {
          "schema_version": 0,
          "attributes": {
            "allocation_method": "Static",
            "ddos_protection_mode": "VirtualNetworkInherited",
            "ddos_protection_plan_id": null,
            "domain_name_label": null,
            "edge_zone": "",
            "fqdn": null,
            "id": "/subscriptions/fd521475-76a6-479b-8f2e-73fe1b53d026/resourceGroups/rg-secure-foundation/providers/Microsoft.Network/publicIPAddresses/pip-bastion",
            "idle_timeout_in_minutes": 4,
            "ip_address": "172.170.254.198",
            "ip_tags": {},
            "ip_version": "IPv4",
            "location": "centralus",
            "name": "pip-bastion",
            "public_ip_prefix_id": null,
            "resource_group_name": "rg-secure-foundation",
            "reverse_fqdn": null,
            "sku": "Standard",
            "sku_tier": "Regional",
            "tags": {},
            "timeouts": null,
            "zones": []
          },
          "sensitive_attributes": [],
          "identity_schema_version": 0,
          "private": "eyJlMmJmYjczMC1lY2FhLTExZTYtOGY4OC0zNDM2M2JjN2M0YzAiOnsiY3JlYXRlIjoxODAwMDAwMDAwMDAwLCJkZWxldGUiOjE4MDAwMDAwMDAwMDAsInJlYWQiOjMwMDAwMDAwMDAwMCwidXBkYXRlIjoxODAwMDAwMDAwMDAwfX0=",
          "dependencies": [
            "azurerm_resource_group.rg"
          ]
        }
      ]
    },
    {
      "mode": "managed",
      "type": "azurerm_public_ip",
      "name": "nat_pip",
      "provider": "provider[\"registry.terraform.io/hashicorp/azurerm\"]",
      "instances": [
        {
          "schema_version": 0,
          "attributes": {
            "allocation_method": "Static",
            "ddos_protection_mode": "VirtualNetworkInherited",
            "ddos_protection_plan_id": null,
            "domain_name_label": null,
            "edge_zone": "",
            "fqdn": null,
            "id": "/subscriptions/fd521475-76a6-479b-8f2e-73fe1b53d026/resourceGroups/rg-secure-foundation/providers/Microsoft.Network/publicIPAddresses/nat-gateway-pip",
            "idle_timeout_in_minutes": 4,
            "ip_address": "172.212.175.228",
            "ip_tags": {},
            "ip_version": "IPv4",
            "location": "centralus",
            "name": "nat-gateway-pip",
            "public_ip_prefix_id": null,
            "resource_group_name": "rg-secure-foundation",
            "reverse_fqdn": null,
            "sku": "Standard",
            "sku_tier": "Regional",
            "tags": {},
            "timeouts": null,
            "zones": []
          },
          "sensitive_attributes": [],
          "identity_schema_version": 0,
          "private": "eyJlMmJmYjczMC1lY2FhLTExZTYtOGY4OC0zNDM2M2JjN2M0YzAiOnsiY3JlYXRlIjoxODAwMDAwMDAwMDAwLCJkZWxldGUiOjE4MDAwMDAwMDAwMDAsInJlYWQiOjMwMDAwMDAwMDAwMCwidXBkYXRlIjoxODAwMDAwMDAwMDAwfX0=",
          "dependencies": [
            "azurerm_resource_group.rg"
          ]
        }
      ]
    },
    {
      "mode": "managed",
      "type": "azurerm_resource_group",
      "name": "rg",
      "provider": "provider[\"registry.terraform.io/hashicorp/azurerm\"]",
      "instances": [
        {
          "schema_version": 0,
          "attributes": {
            "id": "/subscriptions/fd521475-76a6-479b-8f2e-73fe1b53d026/resourceGroups/rg-secure-foundation",
            "location": "centralus",
            "managed_by": "",
            "name": "rg-secure-foundation",
            "tags": {},
            "timeouts": null
          },
          "sensitive_attributes": [],
          "identity_schema_version": 0,
          "private": "eyJlMmJmYjczMC1lY2FhLTExZTYtOGY4OC0zNDM2M2JjN2M0YzAiOnsiY3JlYXRlIjo1NDAwMDAwMDAwMDAwLCJkZWxldGUiOjU0MDAwMDAwMDAwMDAsInJlYWQiOjMwMDAwMDAwMDAwMCwidXBkYXRlIjo1NDAwMDAwMDAwMDAwfX0="
        }
      ]
    },
    {
      "mode": "managed",
      "type": "azurerm_subnet",
      "name": "bastion",
      "provider": "provider[\"registry.terraform.io/hashicorp/azurerm\"]",
      "instances": [
        {
          "schema_version": 0,
          "attributes": {
            "address_prefixes": [
              "10.10.3.0/26"
            ],
            "default_outbound_access_enabled": true,
            "delegation": [],
            "enforce_private_link_endpoint_network_policies": false,
            "enforce_private_link_service_network_policies": false,
            "id": "/subscriptions/fd521475-76a6-479b-8f2e-73fe1b53d026/resourceGroups/rg-secure-foundation/providers/Microsoft.Network/virtualNetworks/vnet-secure-foundation/subnets/AzureBastionSubnet",
            "name": "AzureBastionSubnet",
            "private_endpoint_network_policies": "Enabled",
            "private_endpoint_network_policies_enabled": true,
            "private_link_service_network_policies_enabled": true,
            "resource_group_name": "rg-secure-foundation",
            "service_endpoint_policy_ids": [],
            "service_endpoints": [],
            "timeouts": null,
            "virtual_network_name": "vnet-secure-foundation"
          },
          "sensitive_attributes": [],
          "identity_schema_version": 0,
          "private": "eyJlMmJmYjczMC1lY2FhLTExZTYtOGY4OC0zNDM2M2JjN2M0YzAiOnsiY3JlYXRlIjoxODAwMDAwMDAwMDAwLCJkZWxldGUiOjE4MDAwMDAwMDAwMDAsInJlYWQiOjMwMDAwMDAwMDAwMCwidXBkYXRlIjoxODAwMDAwMDAwMDAwfX0=",
          "dependencies": [
            "azurerm_resource_group.rg",
            "azurerm_virtual_network.vnet"
          ]
        }
      ]
    },
    {
      "mode": "managed",
      "type": "azurerm_subnet",
      "name": "private",
      "provider": "provider[\"registry.terraform.io/hashicorp/azurerm\"]",
      "instances": [
        {
          "schema_version": 0,
          "attributes": {
            "address_prefixes": [
              "10.10.2.0/24"
            ],
            "default_outbound_access_enabled": true,
            "delegation": [],
            "enforce_private_link_endpoint_network_policies": false,
            "enforce_private_link_service_network_policies": false,
            "id": "/subscriptions/fd521475-76a6-479b-8f2e-73fe1b53d026/resourceGroups/rg-secure-foundation/providers/Microsoft.Network/virtualNetworks/vnet-secure-foundation/subnets/snet-private",
            "name": "snet-private",
            "private_endpoint_network_policies": "Enabled",
            "private_endpoint_network_policies_enabled": true,
            "private_link_service_network_policies_enabled": true,
            "resource_group_name": "rg-secure-foundation",
            "service_endpoint_policy_ids": [],
            "service_endpoints": [],
            "timeouts": null,
            "virtual_network_name": "vnet-secure-foundation"
          },
          "sensitive_attributes": [],
          "identity_schema_version": 0,
          "private": "eyJlMmJmYjczMC1lY2FhLTExZTYtOGY4OC0zNDM2M2JjN2M0YzAiOnsiY3JlYXRlIjoxODAwMDAwMDAwMDAwLCJkZWxldGUiOjE4MDAwMDAwMDAwMDAsInJlYWQiOjMwMDAwMDAwMDAwMCwidXBkYXRlIjoxODAwMDAwMDAwMDAwfX0=",
          "dependencies": [
            "azurerm_resource_group.rg",
            "azurerm_virtual_network.vnet"
          ]
        }
      ]
    },
    {
      "mode": "managed",
      "type": "azurerm_subnet",
      "name": "public",
      "provider": "provider[\"registry.terraform.io/hashicorp/azurerm\"]",
      "instances": [
        {
          "schema_version": 0,
          "attributes": {
            "address_prefixes": [
              "10.10.1.0/24"
            ],
            "default_outbound_access_enabled": true,
            "delegation": [],
            "enforce_private_link_endpoint_network_policies": false,
            "enforce_private_link_service_network_policies": false,
            "id": "/subscriptions/fd521475-76a6-479b-8f2e-73fe1b53d026/resourceGroups/rg-secure-foundation/providers/Microsoft.Network/virtualNetworks/vnet-secure-foundation/subnets/snet-public",
            "name": "snet-public",
            "private_endpoint_network_policies": "Enabled",
            "private_endpoint_network_policies_enabled": true,
            "private_link_service_network_policies_enabled": true,
            "resource_group_name": "rg-secure-foundation",
            "service_endpoint_policy_ids": [],
            "service_endpoints": [],
            "timeouts": null,
            "virtual_network_name": "vnet-secure-foundation"
          },
          "sensitive_attributes": [],
          "identity_schema_version": 0,
          "private": "eyJlMmJmYjczMC1lY2FhLTExZTYtOGY4OC0zNDM2M2JjN2M0YzAiOnsiY3JlYXRlIjoxODAwMDAwMDAwMDAwLCJkZWxldGUiOjE4MDAwMDAwMDAwMDAsInJlYWQiOjMwMDAwMDAwMDAwMCwidXBkYXRlIjoxODAwMDAwMDAwMDAwfX0=",
          "dependencies": [
            "azurerm_resource_group.rg",
            "azurerm_virtual_network.vnet"
          ]
        }
      ]
    },
    {
      "mode": "managed",
      "type": "azurerm_subnet_nat_gateway_association",
      "name": "private_nat",
      "provider": "provider[\"registry.terraform.io/hashicorp/azurerm\"]",
      "instances": [
        {
          "schema_version": 0,
          "attributes": {
            "id": "/subscriptions/fd521475-76a6-479b-8f2e-73fe1b53d026/resourceGroups/rg-secure-foundation/providers/Microsoft.Network/virtualNetworks/vnet-secure-foundation/subnets/snet-private",
            "nat_gateway_id": "/subscriptions/fd521475-76a6-479b-8f2e-73fe1b53d026/resourceGroups/rg-secure-foundation/providers/Microsoft.Network/natGateways/nat-secure-foundation",
            "subnet_id": "/subscriptions/fd521475-76a6-479b-8f2e-73fe1b53d026/resourceGroups/rg-secure-foundation/providers/Microsoft.Network/virtualNetworks/vnet-secure-foundation/subnets/snet-private",
            "timeouts": null
          },
          "sensitive_attributes": [],
          "identity_schema_version": 0,
          "private": "eyJlMmJmYjczMC1lY2FhLTExZTYtOGY4OC0zNDM2M2JjN2M0YzAiOnsiY3JlYXRlIjoxODAwMDAwMDAwMDAwLCJkZWxldGUiOjE4MDAwMDAwMDAwMDAsInJlYWQiOjMwMDAwMDAwMDAwMH19",
          "dependencies": [
            "azurerm_nat_gateway.nat",
            "azurerm_resource_group.rg",
            "azurerm_subnet.private",
            "azurerm_virtual_network.vnet"
          ]
        }
      ]
    },
    {
      "mode": "managed",
      "type": "azurerm_subnet_network_security_group_association",
      "name": "private",
      "provider": "provider[\"registry.terraform.io/hashicorp/azurerm\"]",
      "instances": [
        {
          "schema_version": 0,
          "attributes": {
            "id": "/subscriptions/fd521475-76a6-479b-8f2e-73fe1b53d026/resourceGroups/rg-secure-foundation/providers/Microsoft.Network/virtualNetworks/vnet-secure-foundation/subnets/snet-private",
            "network_security_group_id": "/subscriptions/fd521475-76a6-479b-8f2e-73fe1b53d026/resourceGroups/rg-secure-foundation/providers/Microsoft.Network/networkSecurityGroups/nsg-private",
            "subnet_id": "/subscriptions/fd521475-76a6-479b-8f2e-73fe1b53d026/resourceGroups/rg-secure-foundation/providers/Microsoft.Network/virtualNetworks/vnet-secure-foundation/subnets/snet-private",
            "timeouts": null
          },
          "sensitive_attributes": [],
          "identity_schema_version": 0,
          "private": "eyJlMmJmYjczMC1lY2FhLTExZTYtOGY4OC0zNDM2M2JjN2M0YzAiOnsiY3JlYXRlIjoxODAwMDAwMDAwMDAwLCJkZWxldGUiOjE4MDAwMDAwMDAwMDAsInJlYWQiOjMwMDAwMDAwMDAwMH19",
          "dependencies": [
            "azurerm_network_security_group.private",
            "azurerm_resource_group.rg",
            "azurerm_subnet.private",
            "azurerm_virtual_network.vnet"
          ]
        }
      ]
    },
    {
      "mode": "managed",
      "type": "azurerm_subnet_network_security_group_association",
      "name": "public",
      "provider": "provider[\"registry.terraform.io/hashicorp/azurerm\"]",
      "instances": [
        {
          "schema_version": 0,
          "attributes": {
            "id": "/subscriptions/fd521475-76a6-479b-8f2e-73fe1b53d026/resourceGroups/rg-secure-foundation/providers/Microsoft.Network/virtualNetworks/vnet-secure-foundation/subnets/snet-public",
            "network_security_group_id": "/subscriptions/fd521475-76a6-479b-8f2e-73fe1b53d026/resourceGroups/rg-secure-foundation/providers/Microsoft.Network/networkSecurityGroups/nsg-public",
            "subnet_id": "/subscriptions/fd521475-76a6-479b-8f2e-73fe1b53d026/resourceGroups/rg-secure-foundation/providers/Microsoft.Network/virtualNetworks/vnet-secure-foundation/subnets/snet-public",
            "timeouts": null
          },
          "sensitive_attributes": [],
          "identity_schema_version": 0,
          "private": "eyJlMmJmYjczMC1lY2FhLTExZTYtOGY4OC0zNDM2M2JjN2M0YzAiOnsiY3JlYXRlIjoxODAwMDAwMDAwMDAwLCJkZWxldGUiOjE4MDAwMDAwMDAwMDAsInJlYWQiOjMwMDAwMDAwMDAwMH19",
          "dependencies": [
            "azurerm_network_security_group.public",
            "azurerm_resource_group.rg",
            "azurerm_subnet.public",
            "azurerm_virtual_network.vnet"
          ]
        }
      ]
    },
    {
      "mode": "managed",
      "type": "azurerm_virtual_machine_extension",
      "name": "ama",
      "provider": "provider[\"registry.terraform.io/hashicorp/azurerm\"]",
      "instances": [
        {
          "schema_version": 0,
          "attributes": {
            "auto_upgrade_minor_version": true,
            "automatic_upgrade_enabled": false,
            "failure_suppression_enabled": false,
            "id": "/subscriptions/fd521475-76a6-479b-8f2e-73fe1b53d026/resourceGroups/rg-secure-foundation/providers/Microsoft.Compute/virtualMachines/vm-secure-foundation-01/extensions/AzureMonitorLinuxAgent",
            "name": "AzureMonitorLinuxAgent",
            "protected_settings": null,
            "protected_settings_from_key_vault": [],
            "provision_after_extensions": null,
            "publisher": "Microsoft.Azure.Monitor",
            "settings": null,
            "tags": null,
            "timeouts": null,
            "type": "AzureMonitorLinuxAgent",
            "type_handler_version": "1.9",
            "virtual_machine_id": "/subscriptions/fd521475-76a6-479b-8f2e-73fe1b53d026/resourceGroups/rg-secure-foundation/providers/Microsoft.Compute/virtualMachines/vm-secure-foundation-01"
          },
          "sensitive_attributes": [
            [
              {
                "type": "get_attr",
                "value": "protected_settings"
              }
            ]
          ],
          "identity_schema_version": 0,
          "private": "eyJlMmJmYjczMC1lY2FhLTExZTYtOGY4OC0zNDM2M2JjN2M0YzAiOnsiY3JlYXRlIjoxODAwMDAwMDAwMDAwLCJkZWxldGUiOjE4MDAwMDAwMDAwMDAsInJlYWQiOjMwMDAwMDAwMDAwMCwidXBkYXRlIjoxODAwMDAwMDAwMDAwfX0=",
          "dependencies": [
            "azurerm_linux_virtual_machine.vm",
            "azurerm_network_interface.vm_nic",
            "azurerm_resource_group.rg",
            "azurerm_subnet.private",
            "azurerm_virtual_network.vnet"
          ]
        }
      ]
    },
    {
      "mode": "managed",
      "type": "azurerm_virtual_network",
      "name": "vnet",
      "provider": "provider[\"registry.terraform.io/hashicorp/azurerm\"]",
      "instances": [
        {
          "schema_version": 0,
          "attributes": {
            "address_space": [
              "10.10.0.0/16"
            ],
            "bgp_community": "",
            "ddos_protection_plan": [],
            "dns_servers": [],
            "edge_zone": "",
            "encryption": [],
            "flow_timeout_in_minutes": 0,
            "guid": "df184e93-97d0-41ce-b488-437715b588db",
            "id": "/subscriptions/fd521475-76a6-479b-8f2e-73fe1b53d026/resourceGroups/rg-secure-foundation/providers/Microsoft.Network/virtualNetworks/vnet-secure-foundation",
            "location": "centralus",
            "name": "vnet-secure-foundation",
            "resource_group_name": "rg-secure-foundation",
            "subnet": [
              {
                "address_prefix": "10.10.1.0/24",
                "id": "/subscriptions/fd521475-76a6-479b-8f2e-73fe1b53d026/resourceGroups/rg-secure-foundation/providers/Microsoft.Network/virtualNetworks/vnet-secure-foundation/subnets/snet-public",
                "name": "snet-public",
                "security_group": "/subscriptions/fd521475-76a6-479b-8f2e-73fe1b53d026/resourceGroups/rg-secure-foundation/providers/Microsoft.Network/networkSecurityGroups/nsg-public"
              },
              {
                "address_prefix": "10.10.2.0/24",
                "id": "/subscriptions/fd521475-76a6-479b-8f2e-73fe1b53d026/resourceGroups/rg-secure-foundation/providers/Microsoft.Network/virtualNetworks/vnet-secure-foundation/subnets/snet-private",
                "name": "snet-private",
                "security_group": "/subscriptions/fd521475-76a6-479b-8f2e-73fe1b53d026/resourceGroups/rg-secure-foundation/providers/Microsoft.Network/networkSecurityGroups/nsg-private"
              },
              {
                "address_prefix": "10.10.3.0/26",
                "id": "/subscriptions/fd521475-76a6-479b-8f2e-73fe1b53d026/resourceGroups/rg-secure-foundation/providers/Microsoft.Network/virtualNetworks/vnet-secure-foundation/subnets/AzureBastionSubnet",
                "name": "AzureBastionSubnet",
                "security_group": ""
              }
            ],
            "tags": {},
            "timeouts": null
          },
          "sensitive_attributes": [],
          "identity_schema_version": 0,
          "private": "eyJlMmJmYjczMC1lY2FhLTExZTYtOGY4OC0zNDM2M2JjN2M0YzAiOnsiY3JlYXRlIjoxODAwMDAwMDAwMDAwLCJkZWxldGUiOjE4MDAwMDAwMDAwMDAsInJlYWQiOjMwMDAwMDAwMDAwMCwidXBkYXRlIjoxODAwMDAwMDAwMDAwfX0=",
          "dependencies": [
            "azurerm_resource_group.rg"
          ]
        }
      ]
    }
  ],
  "check_results": null
}
